
Microsoft Visual Studio Solution File, Format Version 12.00
# Visual Studio Version 16
VisualStudioVersion = 16.0.31129.286
MinimumVisualStudioVersion = 10.0.40219.1
Project("{FAE04EC0-301F-11D3-BF4B-00C04F79EFBC}") = "dz", "dz\dz.csproj", "{78239016-267F-45CB-A3E1-3F541567EC99}"
EndProject
Global
	GlobalSection(SolutionConfigurationPlatforms) = preSolution
		Debug|Any CPU = Debug|Any CPU
		Release|Any CPU = Release|Any CPU
	EndGlobalSection
	GlobalSection(ProjectConfigurationPlatforms) = postSolution
		{78239016-267F-45CB-A3E1-3F541567EC99}.Debug|Any CPU.ActiveCfg = Debug|Any CPU
		{78239016-267F-45CB-A3E1-3F541567EC99}.Debug|Any CPU.Build.0 = Debug|Any CPU
		{78239016-267F-45CB-A3E1-3F541567EC99}.Release|Any CPU.ActiveCfg = Release|Any CPU
		{78239016-267F-45CB-A3E1-3F541567EC99}.Release|Any CPU.Build.0 = Release|Any CPU
	EndGlobalSection
	GlobalSection(SolutionProperties) = preSolution
		HideSolutionNode = FALSE
	EndGlobalSection
	GlobalSection(ExtensibilityGlobals) = postSolution
		SolutionGuid = {B6A2F760-22E4-4ABE-9BA9-479D834C2260}
	EndGlobalSection
EndGlobal
